
Microsoft Visual Studio Solution File, Format Version 12.00
# Visual Studio Version 16
VisualStudioVersion = 16.0.30907.101
MinimumVisualStudioVersion = 10.0.40219.1
Project("{FAE04EC0-301F-11D3-BF4B-00C04F79EFBC}") = "Assignment_1_Spring_2021", "Assignment_1_Spring_2021\Assignment_1_Spring_2021.csproj", "{2EF89C0C-8FFF-46FC-9A28-C350D7570951}"
EndProject
Global
	GlobalSection(SolutionConfigurationPlatforms) = preSolution
		Debug|Any CPU = Debug|Any CPU
		Release|Any CPU = Release|Any CPU
	EndGlobalSection
	GlobalSection(ProjectConfigurationPlatforms) = postSolution
		{2EF89C0C-8FFF-46FC-9A28-C350D7570951}.Debug|Any CPU.ActiveCfg = Debug|Any CPU
		{2EF89C0C-8FFF-46FC-9A28-C350D7570951}.Debug|Any CPU.Build.0 = Debug|Any CPU
		{2EF89C0C-8FFF-46FC-9A28-C350D7570951}.Release|Any CPU.ActiveCfg = Release|Any CPU
		{2EF89C0C-8FFF-46FC-9A28-C350D7570951}.Release|Any CPU.Build.0 = Release|Any CPU
	EndGlobalSection
	GlobalSection(SolutionProperties) = preSolution
		HideSolutionNode = FALSE
	EndGlobalSection
	GlobalSection(ExtensibilityGlobals) = postSolution
		SolutionGuid = {B295CDF0-3E04-4DB9-AFE3-5A91955652A8}
	EndGlobalSection
EndGlobal
